
Microsoft Visual Studio Solution File, Format Version 12.00
# Visual Studio Version 17
VisualStudioVersion = 17.5.002.0
MinimumVisualStudioVersion = 10.0.40219.1
Project("{2150E333-8FDC-42A3-9474-1A3956D46DE8}") = "Labfiles", "Labfiles", "{A9682533-25E6-459E-B350-5DF83E51DA01}"
EndProject
Project("{2150E333-8FDC-42A3-9474-1A3956D46DE8}") = "01-analyze-text", "01-analyze-text", "{B4572F58-1C8D-4F1C-B535-D4AA08D9CB6B}"
EndProject
Project("{2150E333-8FDC-42A3-9474-1A3956D46DE8}") = "C-Sharp", "C-Sharp", "{537C55C4-C8AF-4392-86CE-536772796B36}"
EndProject
Project("{9A19103F-16F7-4668-BE54-9A1E7A4F7556}") = "text-analysis", "Labfiles\01-analyze-text\C-Sharp\text-analysis\text-analysis.csproj", "{72A7440D-BFF9-4806-8440-F7F99093F57E}"
EndProject
Project("{2150E333-8FDC-42A3-9474-1A3956D46DE8}") = "02-qna", "02-qna", "{7C037B79-D0F0-4689-B7F7-2352AE55782A}"
EndProject
Project("{2150E333-8FDC-42A3-9474-1A3956D46DE8}") = "C-Sharp", "C-Sharp", "{DC9ADD8C-E425-47A9-95F5-3EB37BD3B527}"
EndProject
Project("{9A19103F-16F7-4668-BE54-9A1E7A4F7556}") = "qna-app", "Labfiles\02-qna\C-Sharp\qna-app\qna-app.csproj", "{5C680E58-74B4-4F71-80B3-D92DD9396D06}"
EndProject
Project("{2150E333-8FDC-42A3-9474-1A3956D46DE8}") = "03-language", "03-language", "{1AFF08F4-D945-4B22-B64E-B3FC4793E54A}"
EndProject
Project("{2150E333-8FDC-42A3-9474-1A3956D46DE8}") = "C-Sharp", "C-Sharp", "{03EAFC7B-AC63-4B16-AE22-50D3E42B9496}"
EndProject
Project("{9A19103F-16F7-4668-BE54-9A1E7A4F7556}") = "clock_client", "Labfiles\03-language\C-Sharp\clock-client\clock_client.csproj", "{ACC3101F-AFE4-426C-86B0-9A6EE46AE1DD}"
EndProject
Project("{2150E333-8FDC-42A3-9474-1A3956D46DE8}") = "04-text-classification", "04-text-classification", "{0A075623-32CD-48C1-8C3F-9C6D329812DD}"
EndProject
Project("{2150E333-8FDC-42A3-9474-1A3956D46DE8}") = "C-Sharp", "C-Sharp", "{61CF6782-6B9B-4490-AA2A-AA007AF0E90B}"
EndProject
Project("{9A19103F-16F7-4668-BE54-9A1E7A4F7556}") = "classify-text", "Labfiles\04-text-classification\C-Sharp\classify-text\classify-text.csproj", "{C0CEC4F2-C668-47E9-A5E4-BCBE8A093415}"
EndProject
Project("{2150E333-8FDC-42A3-9474-1A3956D46DE8}") = "05-custom-entity-recognition", "05-custom-entity-recognition", "{E864C24E-F582-4B59-B447-9A8433AD71B5}"
EndProject
Project("{2150E333-8FDC-42A3-9474-1A3956D46DE8}") = "C-Sharp", "C-Sharp", "{0453E7E9-9F6D-49D0-9863-E4EF30B5CF32}"
EndProject
Project("{9A19103F-16F7-4668-BE54-9A1E7A4F7556}") = "custom-entities", "Labfiles\05-custom-entity-recognition\C-Sharp\custom-entities\custom-entities.csproj", "{78377782-883E-43FF-8CA0-8119706B9B74}"
EndProject
Project("{2150E333-8FDC-42A3-9474-1A3956D46DE8}") = "06-translate-text", "06-translate-text", "{5181537E-370F-4AEE-A566-31843DB7D0B4}"
EndProject
Project("{2150E333-8FDC-42A3-9474-1A3956D46DE8}") = "C-Sharp", "C-Sharp", "{45787009-02F6-4D5E-BC37-0781890849B3}"
EndProject
Project("{9A19103F-16F7-4668-BE54-9A1E7A4F7556}") = "translate_text", "Labfiles\06-translate-text\C-Sharp\text-translation\translate_text.csproj", "{7FBEAC0A-1594-428C-B350-4A89E12AF0D2}"
EndProject
Project("{2150E333-8FDC-42A3-9474-1A3956D46DE8}") = "06b-translator-sdk", "06b-translator-sdk", "{EFE3BF2A-7F4A-4DEB-8AD5-453EC4370B91}"
EndProject
Project("{2150E333-8FDC-42A3-9474-1A3956D46DE8}") = "C-Sharp", "C-Sharp", "{42E412DE-7B5F-49AE-9C90-9D6CF41F61C9}"
EndProject
Project("{9A19103F-16F7-4668-BE54-9A1E7A4F7556}") = "translate_text", "Labfiles\06b-translator-sdk\C-Sharp\translate-text\translate_text.csproj", "{F399D226-9AFC-43E0-AFBB-B22C592CA8E5}"
EndProject
Project("{2150E333-8FDC-42A3-9474-1A3956D46DE8}") = "07-speech", "07-speech", "{B04928AE-245D-45E8-BF05-905E568FE623}"
EndProject
Project("{2150E333-8FDC-42A3-9474-1A3956D46DE8}") = "C-Sharp", "C-Sharp", "{A8F42B1F-7080-4563-B51B-FBA14F57824C}"
EndProject
Project("{9A19103F-16F7-4668-BE54-9A1E7A4F7556}") = "speaking-clock", "Labfiles\07-speech\C-Sharp\speaking-clock\speaking-clock.csproj", "{12AA014B-A3E7-4C67-A60D-151A2AFD882B}"
EndProject
Project("{2150E333-8FDC-42A3-9474-1A3956D46DE8}") = "08-speech-translation", "08-speech-translation", "{A8BA659E-98D7-41BC-B7FC-800B9AE3BA9F}"
EndProject
Project("{2150E333-8FDC-42A3-9474-1A3956D46DE8}") = "C-Sharp", "C-Sharp", "{B8C8B295-64A5-4031-96B2-6DF46FCC9513}"
EndProject
Project("{9A19103F-16F7-4668-BE54-9A1E7A4F7556}") = "translator", "Labfiles\08-speech-translation\C-Sharp\translator\translator.csproj", "{415E294B-D546-425C-9684-949AC5D04879}"
EndProject
Global
	GlobalSection(SolutionConfigurationPlatforms) = preSolution
		Debug|Any CPU = Debug|Any CPU
		Release|Any CPU = Release|Any CPU
	EndGlobalSection
	GlobalSection(ProjectConfigurationPlatforms) = postSolution
		{72A7440D-BFF9-4806-8440-F7F99093F57E}.Debug|Any CPU.ActiveCfg = Debug|Any CPU
		{72A7440D-BFF9-4806-8440-F7F99093F57E}.Debug|Any CPU.Build.0 = Debug|Any CPU
		{72A7440D-BFF9-4806-8440-F7F99093F57E}.Release|Any CPU.ActiveCfg = Release|Any CPU
		{72A7440D-BFF9-4806-8440-F7F99093F57E}.Release|Any CPU.Build.0 = Release|Any CPU
		{5C680E58-74B4-4F71-80B3-D92DD9396D06}.Debug|Any CPU.ActiveCfg = Debug|Any CPU
		{5C680E58-74B4-4F71-80B3-D92DD9396D06}.Debug|Any CPU.Build.0 = Debug|Any CPU
		{5C680E58-74B4-4F71-80B3-D92DD9396D06}.Release|Any CPU.ActiveCfg = Release|Any CPU
		{5C680E58-74B4-4F71-80B3-D92DD9396D06}.Release|Any CPU.Build.0 = Release|Any CPU
		{ACC3101F-AFE4-426C-86B0-9A6EE46AE1DD}.Debug|Any CPU.ActiveCfg = Debug|Any CPU
		{ACC3101F-AFE4-426C-86B0-9A6EE46AE1DD}.Debug|Any CPU.Build.0 = Debug|Any CPU
		{ACC3101F-AFE4-426C-86B0-9A6EE46AE1DD}.Release|Any CPU.ActiveCfg = Release|Any CPU
		{ACC3101F-AFE4-426C-86B0-9A6EE46AE1DD}.Release|Any CPU.Build.0 = Release|Any CPU
		{C0CEC4F2-C668-47E9-A5E4-BCBE8A093415}.Debug|Any CPU.ActiveCfg = Debug|Any CPU
		{C0CEC4F2-C668-47E9-A5E4-BCBE8A093415}.Debug|Any CPU.Build.0 = Debug|Any CPU
		{C0CEC4F2-C668-47E9-A5E4-BCBE8A093415}.Release|Any CPU.ActiveCfg = Release|Any CPU
		{C0CEC4F2-C668-47E9-A5E4-BCBE8A093415}.Release|Any CPU.Build.0 = Release|Any CPU
		{78377782-883E-43FF-8CA0-8119706B9B74}.Debug|Any CPU.ActiveCfg = Debug|Any CPU
		{78377782-883E-43FF-8CA0-8119706B9B74}.Debug|Any CPU.Build.0 = Debug|Any CPU
		{78377782-883E-43FF-8CA0-8119706B9B74}.Release|Any CPU.ActiveCfg = Release|Any CPU
		{78377782-883E-43FF-8CA0-8119706B9B74}.Release|Any CPU.Build.0 = Release|Any CPU
		{7FBEAC0A-1594-428C-B350-4A89E12AF0D2}.Debug|Any CPU.ActiveCfg = Debug|Any CPU
		{7FBEAC0A-1594-428C-B350-4A89E12AF0D2}.Debug|Any CPU.Build.0 = Debug|Any CPU
		{7FBEAC0A-1594-428C-B350-4A89E12AF0D2}.Release|Any CPU.ActiveCfg = Release|Any CPU
		{7FBEAC0A-1594-428C-B350-4A89E12AF0D2}.Release|Any CPU.Build.0 = Release|Any CPU
		{F399D226-9AFC-43E0-AFBB-B22C592CA8E5}.Debug|Any CPU.ActiveCfg = Debug|Any CPU
		{F399D226-9AFC-43E0-AFBB-B22C592CA8E5}.Debug|Any CPU.Build.0 = Debug|Any CPU
		{F399D226-9AFC-43E0-AFBB-B22C592CA8E5}.Release|Any CPU.ActiveCfg = Release|Any CPU
		{F399D226-9AFC-43E0-AFBB-B22C592CA8E5}.Release|Any CPU.Build.0 = Release|Any CPU
		{12AA014B-A3E7-4C67-A60D-151A2AFD882B}.Debug|Any CPU.ActiveCfg = Debug|Any CPU
		{12AA014B-A3E7-4C67-A60D-151A2AFD882B}.Debug|Any CPU.Build.0 = Debug|Any CPU
		{12AA014B-A3E7-4C67-A60D-151A2AFD882B}.Release|Any CPU.ActiveCfg = Release|Any CPU
		{12AA014B-A3E7-4C67-A60D-151A2AFD882B}.Release|Any CPU.Build.0 = Release|Any CPU
		{415E294B-D546-425C-9684-949AC5D04879}.Debug|Any CPU.ActiveCfg = Debug|Any CPU
		{415E294B-D546-425C-9684-949AC5D04879}.Debug|Any CPU.Build.0 = Debug|Any CPU
		{415E294B-D546-425C-9684-949AC5D04879}.Release|Any CPU.ActiveCfg = Release|Any CPU
		{415E294B-D546-425C-9684-949AC5D04879}.Release|Any CPU.Build.0 = Release|Any CPU
	EndGlobalSection
	GlobalSection(SolutionProperties) = preSolution
		HideSolutionNode = FALSE
	EndGlobalSection
	GlobalSection(NestedProjects) = preSolution
		{B4572F58-1C8D-4F1C-B535-D4AA08D9CB6B} = {A9682533-25E6-459E-B350-5DF83E51DA01}
		{537C55C4-C8AF-4392-86CE-536772796B36} = {B4572F58-1C8D-4F1C-B535-D4AA08D9CB6B}
		{72A7440D-BFF9-4806-8440-F7F99093F57E} = {537C55C4-C8AF-4392-86CE-536772796B36}
		{7C037B79-D0F0-4689-B7F7-2352AE55782A} = {A9682533-25E6-459E-B350-5DF83E51DA01}
		{DC9ADD8C-E425-47A9-95F5-3EB37BD3B527} = {7C037B79-D0F0-4689-B7F7-2352AE55782A}
		{5C680E58-74B4-4F71-80B3-D92DD9396D06} = {DC9ADD8C-E425-47A9-95F5-3EB37BD3B527}
		{1AFF08F4-D945-4B22-B64E-B3FC4793E54A} = {A9682533-25E6-459E-B350-5DF83E51DA01}
		{03EAFC7B-AC63-4B16-AE22-50D3E42B9496} = {1AFF08F4-D945-4B22-B64E-B3FC4793E54A}
		{ACC3101F-AFE4-426C-86B0-9A6EE46AE1DD} = {03EAFC7B-AC63-4B16-AE22-50D3E42B9496}
		{0A075623-32CD-48C1-8C3F-9C6D329812DD} = {A9682533-25E6-459E-B350-5DF83E51DA01}
		{61CF6782-6B9B-4490-AA2A-AA007AF0E90B} = {0A075623-32CD-48C1-8C3F-9C6D329812DD}
		{C0CEC4F2-C668-47E9-A5E4-BCBE8A093415} = {61CF6782-6B9B-4490-AA2A-AA007AF0E90B}
		{E864C24E-F582-4B59-B447-9A8433AD71B5} = {A9682533-25E6-459E-B350-5DF83E51DA01}
		{0453E7E9-9F6D-49D0-9863-E4EF30B5CF32} = {E864C24E-F582-4B59-B447-9A8433AD71B5}
		{78377782-883E-43FF-8CA0-8119706B9B74} = {0453E7E9-9F6D-49D0-9863-E4EF30B5CF32}
		{5181537E-370F-4AEE-A566-31843DB7D0B4} = {A9682533-25E6-459E-B350-5DF83E51DA01}
		{45787009-02F6-4D5E-BC37-0781890849B3} = {5181537E-370F-4AEE-A566-31843DB7D0B4}
		{7FBEAC0A-1594-428C-B350-4A89E12AF0D2} = {45787009-02F6-4D5E-BC37-0781890849B3}
		{EFE3BF2A-7F4A-4DEB-8AD5-453EC4370B91} = {A9682533-25E6-459E-B350-5DF83E51DA01}
		{42E412DE-7B5F-49AE-9C90-9D6CF41F61C9} = {EFE3BF2A-7F4A-4DEB-8AD5-453EC4370B91}
		{F399D226-9AFC-43E0-AFBB-B22C592CA8E5} = {42E412DE-7B5F-49AE-9C90-9D6CF41F61C9}
		{B04928AE-245D-45E8-BF05-905E568FE623} = {A9682533-25E6-459E-B350-5DF83E51DA01}
		{A8F42B1F-7080-4563-B51B-FBA14F57824C} = {B04928AE-245D-45E8-BF05-905E568FE623}
		{12AA014B-A3E7-4C67-A60D-151A2AFD882B} = {A8F42B1F-7080-4563-B51B-FBA14F57824C}
		{A8BA659E-98D7-41BC-B7FC-800B9AE3BA9F} = {A9682533-25E6-459E-B350-5DF83E51DA01}
		{B8C8B295-64A5-4031-96B2-6DF46FCC9513} = {A8BA659E-98D7-41BC-B7FC-800B9AE3BA9F}
		{415E294B-D546-425C-9684-949AC5D04879} = {B8C8B295-64A5-4031-96B2-6DF46FCC9513}
	EndGlobalSection
	GlobalSection(ExtensibilityGlobals) = postSolution
		SolutionGuid = {5C9B6912-808A-45A8-BE72-66FC69470751}
	EndGlobalSection
EndGlobal
